
Microsoft Visual Studio Solution File, Format Version 12.00
# Visual Studio Version 16
VisualStudioVersion = 16.0.31729.503
MinimumVisualStudioVersion = 10.0.40219.1
Project("{FAE04EC0-301F-11D3-BF4B-00C04F79EFBC}") = "W14 praktikum", "W14 praktikum\W14 praktikum.csproj", "{A426CF5C-DBCF-4E2A-805A-09DD72AD70BB}"
EndProject
Global
	GlobalSection(SolutionConfigurationPlatforms) = preSolution
		Debug|Any CPU = Debug|Any CPU
		Release|Any CPU = Release|Any CPU
	EndGlobalSection
	GlobalSection(ProjectConfigurationPlatforms) = postSolution
		{A426CF5C-DBCF-4E2A-805A-09DD72AD70BB}.Debug|Any CPU.ActiveCfg = Debug|Any CPU
		{A426CF5C-DBCF-4E2A-805A-09DD72AD70BB}.Debug|Any CPU.Build.0 = Debug|Any CPU
		{A426CF5C-DBCF-4E2A-805A-09DD72AD70BB}.Release|Any CPU.ActiveCfg = Release|Any CPU
		{A426CF5C-DBCF-4E2A-805A-09DD72AD70BB}.Release|Any CPU.Build.0 = Release|Any CPU
	EndGlobalSection
	GlobalSection(SolutionProperties) = preSolution
		HideSolutionNode = FALSE
	EndGlobalSection
	GlobalSection(ExtensibilityGlobals) = postSolution
		SolutionGuid = {224A7606-5C6F-4C72-B0BC-424B30C5E8CF}
	EndGlobalSection
EndGlobal
